
Microsoft Visual Studio Solution File, Format Version 12.00
# Visual Studio Version 17
VisualStudioVersion = 17.8.34330.188
MinimumVisualStudioVersion = 10.0.40219.1
Project("{FAE04EC0-301F-11D3-BF4B-00C04F79EFBC}") = "Resume", "Resume.csproj", "{830E583E-3E6A-4592-A51C-CEC0FC74FE40}"
EndProject
Global
	GlobalSection(SolutionConfigurationPlatforms) = preSolution
		Debug|Any CPU = Debug|Any CPU
		Release|Any CPU = Release|Any CPU
	EndGlobalSection
	GlobalSection(ProjectConfigurationPlatforms) = postSolution
		{830E583E-3E6A-4592-A51C-CEC0FC74FE40}.Debug|Any CPU.ActiveCfg = Debug|Any CPU
		{830E583E-3E6A-4592-A51C-CEC0FC74FE40}.Debug|Any CPU.Build.0 = Debug|Any CPU
		{830E583E-3E6A-4592-A51C-CEC0FC74FE40}.Release|Any CPU.ActiveCfg = Release|Any CPU
		{830E583E-3E6A-4592-A51C-CEC0FC74FE40}.Release|Any CPU.Build.0 = Release|Any CPU
	EndGlobalSection
	GlobalSection(SolutionProperties) = preSolution
		HideSolutionNode = FALSE
	EndGlobalSection
	GlobalSection(ExtensibilityGlobals) = postSolution
		SolutionGuid = {B9D3F7FC-60E5-4A60-8401-3DFEE965EE6A}
	EndGlobalSection
EndGlobal
